
Microsoft Visual Studio Solution File, Format Version 12.00
# Visual Studio Version 17
VisualStudioVersion = 17.10.35122.118
MinimumVisualStudioVersion = 10.0.40219.1
Project("{FAE04EC0-301F-11D3-BF4B-00C04F79EFBC}") = "Blogs.API", "Blogs.API\Blogs.API.csproj", "{FF281DA8-F932-4446-9F17-46051CE730FC}"
EndProject
Global
	GlobalSection(SolutionConfigurationPlatforms) = preSolution
		Debug|Any CPU = Debug|Any CPU
		Release|Any CPU = Release|Any CPU
	EndGlobalSection
	GlobalSection(ProjectConfigurationPlatforms) = postSolution
		{FF281DA8-F932-4446-9F17-46051CE730FC}.Debug|Any CPU.ActiveCfg = Debug|Any CPU
		{FF281DA8-F932-4446-9F17-46051CE730FC}.Debug|Any CPU.Build.0 = Debug|Any CPU
		{FF281DA8-F932-4446-9F17-46051CE730FC}.Release|Any CPU.ActiveCfg = Release|Any CPU
		{FF281DA8-F932-4446-9F17-46051CE730FC}.Release|Any CPU.Build.0 = Release|Any CPU
	EndGlobalSection
	GlobalSection(SolutionProperties) = preSolution
		HideSolutionNode = FALSE
	EndGlobalSection
	GlobalSection(ExtensibilityGlobals) = postSolution
		SolutionGuid = {072A66AF-1D50-4A63-8450-724E78E6DC06}
	EndGlobalSection
EndGlobal
